
Microsoft Visual Studio Solution File, Format Version 11.00
# Visual Studio 2010
Project("{FAE04EC0-301F-11D3-BF4B-00C04F79EFBC}") = "Cardinals", "Cardinals\Cardinals.csproj", "{DCBF815E-10BA-409B-870A-EB3EA7CB95A6}"
EndProject
Global
	GlobalSection(SolutionConfigurationPlatforms) = preSolution
		Debug|Any CPU = Debug|Any CPU
		Release|Any CPU = Release|Any CPU
	EndGlobalSection
	GlobalSection(ProjectConfigurationPlatforms) = postSolution
		{DCBF815E-10BA-409B-870A-EB3EA7CB95A6}.Debug|Any CPU.ActiveCfg = Debug|Any CPU
		{DCBF815E-10BA-409B-870A-EB3EA7CB95A6}.Debug|Any CPU.Build.0 = Debug|Any CPU
		{DCBF815E-10BA-409B-870A-EB3EA7CB95A6}.Release|Any CPU.ActiveCfg = Release|Any CPU
		{DCBF815E-10BA-409B-870A-EB3EA7CB95A6}.Release|Any CPU.Build.0 = Release|Any CPU
	EndGlobalSection
	GlobalSection(SolutionProperties) = preSolution
		HideSolutionNode = FALSE
	EndGlobalSection
EndGlobal
